PODS:
  - Alamofire (4.7.0)
  - AlamofireObjectMapper (5.0.0):
    - Alamofire (~> 4.1)
    - ObjectMapper (~> 3.0)
  - Nimble (7.0.3)
  - ObjectMapper (3.1.0)
  - Quick (1.2.0)
  - SDWebImage (4.3.3):
    - SDWebImage/Core (= 4.3.3)
  - SDWebImage/Core (4.3.3)
  - SwiftyJSON (4.0.0)
  - UIColor_Hex_Swift (4.0.1)

DEPENDENCIES:
  - Alamofire (~> 4.7)
  - AlamofireObjectMapper (~> 5.0)
  - Nimble
  - Quick
  - SDWebImage
  - SwiftyJSON
  - UIColor_Hex_Swift (~> 4.0.1)

SPEC CHECKSUMS:
  Alamofire: 907e0a98eb68cdb7f9d1f541a563d6ac5dc77b25
  AlamofireObjectMapper: 5fafc816351cbbc0d486611aaeba7461c0cbad49
  Nimble: 7f5a9c447a33002645a071bddafbfb24ea70e0ac
  ObjectMapper: 20505058f54e5c3ca69e1d6de9897d152a5369a6
  Quick: 58d203b1c5e27fff7229c4c1ae445ad7069a7a08
  SDWebImage: de4d90b5bff3571eae7bd16202b1f43135409fa5
  SwiftyJSON: 070dabdcb1beb81b247c65ffa3a79dbbfb3b48aa
  UIColor_Hex_Swift: c5ff88470499383b8fd85302d59344bb24ba9436

PODFILE CHECKSUM: d18dc8b5b768eaa8acb8b24805819187bbfd75ed

COCOAPODS: 1.2.0
